
Microsoft Visual Studio Solution File, Format Version 12.00
# Visual Studio Version 17
VisualStudioVersion = 17.11.35431.28
MinimumVisualStudioVersion = 10.0.40219.1
Project("{9A19103F-16F7-4668-BE54-9A1E7A4F7556}") = "AoC2024-1", "AoC2024-1\AoC2024-1.csproj", "{9B9549FA-2649-4DED-82A5-604264A685BB}"
EndProject
Project("{2150E333-8FDC-42A3-9474-1A3956D46DE8}") = "Solution Items", "Solution Items", "{9F6A71FE-A2CF-4F4D-9791-42C5D3D8E8F9}"
EndProject
Project("{9A19103F-16F7-4668-BE54-9A1E7A4F7556}") = "AoCHelpers", "AoCHelpers\AoCHelpers.csproj", "{A8C74F81-DD06-4671-9613-502AD5B2B558}"
EndProject
Project("{9A19103F-16F7-4668-BE54-9A1E7A4F7556}") = "AoC2024-2", "AoC2024-2\AoC2024-2.csproj", "{39AD754D-12A3-4A0E-99FC-CA0EA87CA604}"
EndProject
Project("{9A19103F-16F7-4668-BE54-9A1E7A4F7556}") = "AoC2024-3", "AoC2024-3\AoC2024-3.csproj", "{973E3876-F587-44A1-8E5D-727B3A9D4F42}"
EndProject
Project("{9A19103F-16F7-4668-BE54-9A1E7A4F7556}") = "AoC2024-4", "AoC2024-4\AoC2024-4.csproj", "{FA50D2DC-79BD-4C30-BCD1-4DCC74AB566A}"
EndProject
Project("{FAE04EC0-301F-11D3-BF4B-00C04F79EFBC}") = "AoC2024-5", "AoC2024-5\AoC2024-5.csproj", "{D61DBFB7-A17F-4C23-8D84-3A7412217FCF}"
EndProject
Project("{FAE04EC0-301F-11D3-BF4B-00C04F79EFBC}") = "AoC2024-6", "AoC2024-6\AoC2024-6.csproj", "{0CD27543-B209-4321-AEF3-C172FD9FC9EA}"
EndProject
Project("{FAE04EC0-301F-11D3-BF4B-00C04F79EFBC}") = "AoC2024-7", "AoC2024-7\AoC2024-7.csproj", "{93B1A4A3-8EE4-40F2-9C1B-6E709E515796}"
EndProject
Project("{FAE04EC0-301F-11D3-BF4B-00C04F79EFBC}") = "AoC2024-11", "AoC2024-11\AoC2024-11.csproj", "{0BD9A8AA-D379-4CEF-92A5-582F36A376E7}"
EndProject
Project("{FAE04EC0-301F-11D3-BF4B-00C04F79EFBC}") = "AoC2024-13", "AoC2024-13\AoC2024-13.csproj", "{1EE64FE2-7B97-47B4-80A3-E2D53094A7D9}"
EndProject
Project("{FAE04EC0-301F-11D3-BF4B-00C04F79EFBC}") = "AoC2024-18", "AoC2024-18\AoC2024-18.csproj", "{1D178789-B729-40F7-8EC2-91467C759D6E}"
EndProject
Global
	GlobalSection(SolutionConfigurationPlatforms) = preSolution
		Debug|Any CPU = Debug|Any CPU
		Release|Any CPU = Release|Any CPU
	EndGlobalSection
	GlobalSection(ProjectConfigurationPlatforms) = postSolution
		{9B9549FA-2649-4DED-82A5-604264A685BB}.Debug|Any CPU.ActiveCfg = Debug|Any CPU
		{9B9549FA-2649-4DED-82A5-604264A685BB}.Debug|Any CPU.Build.0 = Debug|Any CPU
		{9B9549FA-2649-4DED-82A5-604264A685BB}.Release|Any CPU.ActiveCfg = Release|Any CPU
		{9B9549FA-2649-4DED-82A5-604264A685BB}.Release|Any CPU.Build.0 = Release|Any CPU
		{A8C74F81-DD06-4671-9613-502AD5B2B558}.Debug|Any CPU.ActiveCfg = Debug|Any CPU
		{A8C74F81-DD06-4671-9613-502AD5B2B558}.Debug|Any CPU.Build.0 = Debug|Any CPU
		{A8C74F81-DD06-4671-9613-502AD5B2B558}.Release|Any CPU.ActiveCfg = Release|Any CPU
		{A8C74F81-DD06-4671-9613-502AD5B2B558}.Release|Any CPU.Build.0 = Release|Any CPU
		{39AD754D-12A3-4A0E-99FC-CA0EA87CA604}.Debug|Any CPU.ActiveCfg = Debug|Any CPU
		{39AD754D-12A3-4A0E-99FC-CA0EA87CA604}.Debug|Any CPU.Build.0 = Debug|Any CPU
		{39AD754D-12A3-4A0E-99FC-CA0EA87CA604}.Release|Any CPU.ActiveCfg = Release|Any CPU
		{39AD754D-12A3-4A0E-99FC-CA0EA87CA604}.Release|Any CPU.Build.0 = Release|Any CPU
		{973E3876-F587-44A1-8E5D-727B3A9D4F42}.Debug|Any CPU.ActiveCfg = Debug|Any CPU
		{973E3876-F587-44A1-8E5D-727B3A9D4F42}.Debug|Any CPU.Build.0 = Debug|Any CPU
		{973E3876-F587-44A1-8E5D-727B3A9D4F42}.Release|Any CPU.ActiveCfg = Release|Any CPU
		{973E3876-F587-44A1-8E5D-727B3A9D4F42}.Release|Any CPU.Build.0 = Release|Any CPU
		{FA50D2DC-79BD-4C30-BCD1-4DCC74AB566A}.Debug|Any CPU.ActiveCfg = Debug|Any CPU
		{FA50D2DC-79BD-4C30-BCD1-4DCC74AB566A}.Debug|Any CPU.Build.0 = Debug|Any CPU
		{FA50D2DC-79BD-4C30-BCD1-4DCC74AB566A}.Release|Any CPU.ActiveCfg = Release|Any CPU
		{FA50D2DC-79BD-4C30-BCD1-4DCC74AB566A}.Release|Any CPU.Build.0 = Release|Any CPU
		{D61DBFB7-A17F-4C23-8D84-3A7412217FCF}.Debug|Any CPU.ActiveCfg = Debug|Any CPU
		{D61DBFB7-A17F-4C23-8D84-3A7412217FCF}.Debug|Any CPU.Build.0 = Debug|Any CPU
		{D61DBFB7-A17F-4C23-8D84-3A7412217FCF}.Release|Any CPU.ActiveCfg = Release|Any CPU
		{D61DBFB7-A17F-4C23-8D84-3A7412217FCF}.Release|Any CPU.Build.0 = Release|Any CPU
		{0CD27543-B209-4321-AEF3-C172FD9FC9EA}.Debug|Any CPU.ActiveCfg = Debug|Any CPU
		{0CD27543-B209-4321-AEF3-C172FD9FC9EA}.Debug|Any CPU.Build.0 = Debug|Any CPU
		{0CD27543-B209-4321-AEF3-C172FD9FC9EA}.Release|Any CPU.ActiveCfg = Release|Any CPU
		{0CD27543-B209-4321-AEF3-C172FD9FC9EA}.Release|Any CPU.Build.0 = Release|Any CPU
		{93B1A4A3-8EE4-40F2-9C1B-6E709E515796}.Debug|Any CPU.ActiveCfg = Debug|Any CPU
		{93B1A4A3-8EE4-40F2-9C1B-6E709E515796}.Debug|Any CPU.Build.0 = Debug|Any CPU
		{93B1A4A3-8EE4-40F2-9C1B-6E709E515796}.Release|Any CPU.ActiveCfg = Release|Any CPU
		{93B1A4A3-8EE4-40F2-9C1B-6E709E515796}.Release|Any CPU.Build.0 = Release|Any CPU
		{0BD9A8AA-D379-4CEF-92A5-582F36A376E7}.Debug|Any CPU.ActiveCfg = Debug|Any CPU
		{0BD9A8AA-D379-4CEF-92A5-582F36A376E7}.Debug|Any CPU.Build.0 = Debug|Any CPU
		{0BD9A8AA-D379-4CEF-92A5-582F36A376E7}.Release|Any CPU.ActiveCfg = Release|Any CPU
		{0BD9A8AA-D379-4CEF-92A5-582F36A376E7}.Release|Any CPU.Build.0 = Release|Any CPU
		{1EE64FE2-7B97-47B4-80A3-E2D53094A7D9}.Debug|Any CPU.ActiveCfg = Debug|Any CPU
		{1EE64FE2-7B97-47B4-80A3-E2D53094A7D9}.Debug|Any CPU.Build.0 = Debug|Any CPU
		{1EE64FE2-7B97-47B4-80A3-E2D53094A7D9}.Release|Any CPU.ActiveCfg = Release|Any CPU
		{1EE64FE2-7B97-47B4-80A3-E2D53094A7D9}.Release|Any CPU.Build.0 = Release|Any CPU
		{1D178789-B729-40F7-8EC2-91467C759D6E}.Debug|Any CPU.ActiveCfg = Debug|Any CPU
		{1D178789-B729-40F7-8EC2-91467C759D6E}.Debug|Any CPU.Build.0 = Debug|Any CPU
		{1D178789-B729-40F7-8EC2-91467C759D6E}.Release|Any CPU.ActiveCfg = Release|Any CPU
		{1D178789-B729-40F7-8EC2-91467C759D6E}.Release|Any CPU.Build.0 = Release|Any CPU
	EndGlobalSection
	GlobalSection(SolutionProperties) = preSolution
		HideSolutionNode = FALSE
	EndGlobalSection
	GlobalSection(NestedProjects) = preSolution
		{A8C74F81-DD06-4671-9613-502AD5B2B558} = {9F6A71FE-A2CF-4F4D-9791-42C5D3D8E8F9}
	EndGlobalSection
	GlobalSection(ExtensibilityGlobals) = postSolution
		SolutionGuid = {551EF0F7-11C3-4431-AC2A-AC4422C744AD}
	EndGlobalSection
EndGlobal
